
Microsoft Visual Studio Solution File, Format Version 12.00
# Visual Studio Version 17
VisualStudioVersion = 17.2.32602.215
MinimumVisualStudioVersion = 10.0.40219.1
Project("{FAE04EC0-301F-11D3-BF4B-00C04F79EFBC}") = "CoffeeShopProducts", "CoffeeShopProducts\CoffeeShopProducts.csproj", "{ACA4292D-6162-49E8-9BAB-4DD0D079A0D3}"
EndProject
Global
	GlobalSection(SolutionConfigurationPlatforms) = preSolution
		Debug|Any CPU = Debug|Any CPU
		Release|Any CPU = Release|Any CPU
	EndGlobalSection
	GlobalSection(ProjectConfigurationPlatforms) = postSolution
		{ACA4292D-6162-49E8-9BAB-4DD0D079A0D3}.Debug|Any CPU.ActiveCfg = Debug|Any CPU
		{ACA4292D-6162-49E8-9BAB-4DD0D079A0D3}.Debug|Any CPU.Build.0 = Debug|Any CPU
		{ACA4292D-6162-49E8-9BAB-4DD0D079A0D3}.Release|Any CPU.ActiveCfg = Release|Any CPU
		{ACA4292D-6162-49E8-9BAB-4DD0D079A0D3}.Release|Any CPU.Build.0 = Release|Any CPU
	EndGlobalSection
	GlobalSection(SolutionProperties) = preSolution
		HideSolutionNode = FALSE
	EndGlobalSection
	GlobalSection(ExtensibilityGlobals) = postSolution
		SolutionGuid = {F6A5ABE0-3FFF-4DA1-B64F-36B9826D805E}
	EndGlobalSection
EndGlobal
